
Microsoft Visual Studio Solution File, Format Version 12.00
# Visual Studio 15
VisualStudioVersion = 15.0.28307.168
MinimumVisualStudioVersion = 10.0.40219.1
Project("{8BC9CEB8-8B4A-11D0-8D11-00A0C91BC942}") = "Project3", "Project3\Project3.vcxproj", "{10FC53CE-1F90-4A64-8806-A4CA508323F0}"
EndProject
Global
	GlobalSection(SolutionConfigurationPlatforms) = preSolution
		Debug|x64 = Debug|x64
		Debug|x86 = Debug|x86
		Release|x64 = Release|x64
		Release|x86 = Release|x86
	EndGlobalSection
	GlobalSection(ProjectConfigurationPlatforms) = postSolution
		{10FC53CE-1F90-4A64-8806-A4CA508323F0}.Debug|x64.ActiveCfg = Debug|x64
		{10FC53CE-1F90-4A64-8806-A4CA508323F0}.Debug|x64.Build.0 = Debug|x64
		{10FC53CE-1F90-4A64-8806-A4CA508323F0}.Debug|x86.ActiveCfg = Debug|Win32
		{10FC53CE-1F90-4A64-8806-A4CA508323F0}.Debug|x86.Build.0 = Debug|Win32
		{10FC53CE-1F90-4A64-8806-A4CA508323F0}.Release|x64.ActiveCfg = Release|x64
		{10FC53CE-1F90-4A64-8806-A4CA508323F0}.Release|x64.Build.0 = Release|x64
		{10FC53CE-1F90-4A64-8806-A4CA508323F0}.Release|x86.ActiveCfg = Release|Win32
		{10FC53CE-1F90-4A64-8806-A4CA508323F0}.Release|x86.Build.0 = Release|Win32
	EndGlobalSection
	GlobalSection(SolutionProperties) = preSolution
		HideSolutionNode = FALSE
	EndGlobalSection
	GlobalSection(ExtensibilityGlobals) = postSolution
		SolutionGuid = {D569274C-547B-4E18-ABD4-6C01F65B3057}
	EndGlobalSection
EndGlobal
