
Microsoft Visual Studio Solution File, Format Version 12.00
# Visual Studio 15
VisualStudioVersion = 15.0.27130.2027
MinimumVisualStudioVersion = 10.0.40219.1
Project("{8BC9CEB8-8B4A-11D0-8D11-00A0C91BC942}") = "OpenGL_First_Homework", "OpenGL_First_Homework\OpenGL_First_Homework.vcxproj", "{C17ACDF0-7948-4267-B22C-AF8354D5666B}"
EndProject
Global
	GlobalSection(SolutionConfigurationPlatforms) = preSolution
		Debug|x64 = Debug|x64
		Debug|x86 = Debug|x86
		Release|x64 = Release|x64
		Release|x86 = Release|x86
	EndGlobalSection
	GlobalSection(ProjectConfigurationPlatforms) = postSolution
		{C17ACDF0-7948-4267-B22C-AF8354D5666B}.Debug|x64.ActiveCfg = Debug|x64
		{C17ACDF0-7948-4267-B22C-AF8354D5666B}.Debug|x64.Build.0 = Debug|x64
		{C17ACDF0-7948-4267-B22C-AF8354D5666B}.Debug|x86.ActiveCfg = Debug|Win32
		{C17ACDF0-7948-4267-B22C-AF8354D5666B}.Debug|x86.Build.0 = Debug|Win32
		{C17ACDF0-7948-4267-B22C-AF8354D5666B}.Release|x64.ActiveCfg = Release|x64
		{C17ACDF0-7948-4267-B22C-AF8354D5666B}.Release|x64.Build.0 = Release|x64
		{C17ACDF0-7948-4267-B22C-AF8354D5666B}.Release|x86.ActiveCfg = Release|Win32
		{C17ACDF0-7948-4267-B22C-AF8354D5666B}.Release|x86.Build.0 = Release|Win32
	EndGlobalSection
	GlobalSection(SolutionProperties) = preSolution
		HideSolutionNode = FALSE
	EndGlobalSection
	GlobalSection(ExtensibilityGlobals) = postSolution
		SolutionGuid = {B4C088D1-A91A-40E1-BFA3-C90130878012}
	EndGlobalSection
EndGlobal
