
Microsoft Visual Studio Solution File, Format Version 12.00
# Visual Studio 15
VisualStudioVersion = 15.0.27703.2035
MinimumVisualStudioVersion = 10.0.40219.1
Project("{8BC9CEB8-8B4A-11D0-8D11-00A0C91BC942}") = "Project01", "Project01\Project01.vcxproj", "{469ECFAD-4B1A-457F-8B29-6431CE24DBB8}"
EndProject
Global
	GlobalSection(SolutionConfigurationPlatforms) = preSolution
		Debug|x64 = Debug|x64
		Debug|x86 = Debug|x86
		Release|x64 = Release|x64
		Release|x86 = Release|x86
	EndGlobalSection
	GlobalSection(ProjectConfigurationPlatforms) = postSolution
		{469ECFAD-4B1A-457F-8B29-6431CE24DBB8}.Debug|x64.ActiveCfg = Debug|x64
		{469ECFAD-4B1A-457F-8B29-6431CE24DBB8}.Debug|x64.Build.0 = Debug|x64
		{469ECFAD-4B1A-457F-8B29-6431CE24DBB8}.Debug|x86.ActiveCfg = Debug|Win32
		{469ECFAD-4B1A-457F-8B29-6431CE24DBB8}.Debug|x86.Build.0 = Debug|Win32
		{469ECFAD-4B1A-457F-8B29-6431CE24DBB8}.Release|x64.ActiveCfg = Release|x64
		{469ECFAD-4B1A-457F-8B29-6431CE24DBB8}.Release|x64.Build.0 = Release|x64
		{469ECFAD-4B1A-457F-8B29-6431CE24DBB8}.Release|x86.ActiveCfg = Release|Win32
		{469ECFAD-4B1A-457F-8B29-6431CE24DBB8}.Release|x86.Build.0 = Release|Win32
	EndGlobalSection
	GlobalSection(SolutionProperties) = preSolution
		HideSolutionNode = FALSE
	EndGlobalSection
	GlobalSection(ExtensibilityGlobals) = postSolution
		SolutionGuid = {3FB449F9-B522-4E22-A245-8F25D226483B}
	EndGlobalSection
EndGlobal
