
Microsoft Visual Studio Solution File, Format Version 12.00
# Visual Studio 15
VisualStudioVersion = 15.0.28307.136
MinimumVisualStudioVersion = 10.0.40219.1
Project("{8BC9CEB8-8B4A-11D0-8D11-00A0C91BC942}") = "Project01", "Project01\Project01.vcxproj", "{8F3F3D6B-2A62-40FB-88F9-52E3CE3D0A5F}"
EndProject
Project("{8BC9CEB8-8B4A-11D0-8D11-00A0C91BC942}") = "Project03", "Project03\Project03.vcxproj", "{97BD4992-2A59-4C05-8570-9EF0FE078EDB}"
EndProject
Project("{8BC9CEB8-8B4A-11D0-8D11-00A0C91BC942}") = "Project02", "Project02\Project02.vcxproj", "{83D18DBC-0494-4852-BB5A-CE8AC7660D33}"
EndProject
Global
	GlobalSection(SolutionConfigurationPlatforms) = preSolution
		Debug|x64 = Debug|x64
		Debug|x86 = Debug|x86
		Release|x64 = Release|x64
		Release|x86 = Release|x86
	EndGlobalSection
	GlobalSection(ProjectConfigurationPlatforms) = postSolution
		{8F3F3D6B-2A62-40FB-88F9-52E3CE3D0A5F}.Debug|x64.ActiveCfg = Debug|x64
		{8F3F3D6B-2A62-40FB-88F9-52E3CE3D0A5F}.Debug|x64.Build.0 = Debug|x64
		{8F3F3D6B-2A62-40FB-88F9-52E3CE3D0A5F}.Debug|x86.ActiveCfg = Debug|Win32
		{8F3F3D6B-2A62-40FB-88F9-52E3CE3D0A5F}.Debug|x86.Build.0 = Debug|Win32
		{8F3F3D6B-2A62-40FB-88F9-52E3CE3D0A5F}.Release|x64.ActiveCfg = Release|x64
		{8F3F3D6B-2A62-40FB-88F9-52E3CE3D0A5F}.Release|x64.Build.0 = Release|x64
		{8F3F3D6B-2A62-40FB-88F9-52E3CE3D0A5F}.Release|x86.ActiveCfg = Release|Win32
		{8F3F3D6B-2A62-40FB-88F9-52E3CE3D0A5F}.Release|x86.Build.0 = Release|Win32
		{97BD4992-2A59-4C05-8570-9EF0FE078EDB}.Debug|x64.ActiveCfg = Debug|x64
		{97BD4992-2A59-4C05-8570-9EF0FE078EDB}.Debug|x64.Build.0 = Debug|x64
		{97BD4992-2A59-4C05-8570-9EF0FE078EDB}.Debug|x86.ActiveCfg = Debug|Win32
		{97BD4992-2A59-4C05-8570-9EF0FE078EDB}.Debug|x86.Build.0 = Debug|Win32
		{97BD4992-2A59-4C05-8570-9EF0FE078EDB}.Release|x64.ActiveCfg = Release|x64
		{97BD4992-2A59-4C05-8570-9EF0FE078EDB}.Release|x64.Build.0 = Release|x64
		{97BD4992-2A59-4C05-8570-9EF0FE078EDB}.Release|x86.ActiveCfg = Release|Win32
		{97BD4992-2A59-4C05-8570-9EF0FE078EDB}.Release|x86.Build.0 = Release|Win32
		{83D18DBC-0494-4852-BB5A-CE8AC7660D33}.Debug|x64.ActiveCfg = Debug|x64
		{83D18DBC-0494-4852-BB5A-CE8AC7660D33}.Debug|x64.Build.0 = Debug|x64
		{83D18DBC-0494-4852-BB5A-CE8AC7660D33}.Debug|x86.ActiveCfg = Debug|Win32
		{83D18DBC-0494-4852-BB5A-CE8AC7660D33}.Debug|x86.Build.0 = Debug|Win32
		{83D18DBC-0494-4852-BB5A-CE8AC7660D33}.Release|x64.ActiveCfg = Release|x64
		{83D18DBC-0494-4852-BB5A-CE8AC7660D33}.Release|x64.Build.0 = Release|x64
		{83D18DBC-0494-4852-BB5A-CE8AC7660D33}.Release|x86.ActiveCfg = Release|Win32
		{83D18DBC-0494-4852-BB5A-CE8AC7660D33}.Release|x86.Build.0 = Release|Win32
	EndGlobalSection
	GlobalSection(SolutionProperties) = preSolution
		HideSolutionNode = FALSE
	EndGlobalSection
	GlobalSection(ExtensibilityGlobals) = postSolution
		SolutionGuid = {0D1CF79B-8D17-47F7-8B64-4B9E73C2856F}
	EndGlobalSection
EndGlobal
